
Microsoft Visual Studio Solution File, Format Version 11.00
# Visual Studio 2010
Project("{FAE04EC0-301F-11D3-BF4B-00C04F79EFBC}") = "SassAndCoffee.Core", "SassAndCoffee.Core\SassAndCoffee.Core.csproj", "{C919A173-DD9B-46C4-88A2-4B31A63C501C}"
EndProject
Project("{FAE04EC0-301F-11D3-BF4B-00C04F79EFBC}") = "SassAndCoffee.Core.Tests", "SassAndCoffee.Core.Tests\SassAndCoffee.Core.Tests.csproj", "{1CA44023-95FB-471E-ACD8-3ECAFAF37211}"
EndProject
Project("{FAE04EC0-301F-11D3-BF4B-00C04F79EFBC}") = "WebTest", "WebTest\WebTest.csproj", "{833D9511-EA87-481A-B5E0-73EBC10F7AFB}"
EndProject
Project("{FAE04EC0-301F-11D3-BF4B-00C04F79EFBC}") = "SassAndCoffee.AspNet", "SassAndCoffee.AspNet\SassAndCoffee.AspNet.csproj", "{00756046-CCFE-4265-BBDF-7F5FD22E1504}"
EndProject
Project("{FAE04EC0-301F-11D3-BF4B-00C04F79EFBC}") = "ComImports.ActiveScript", "ComImports.ActiveScript\ComImports.ActiveScript.csproj", "{4E302512-FB48-42A4-B91A-9F35786406E7}"
EndProject
Project("{FAE04EC0-301F-11D3-BF4B-00C04F79EFBC}") = "ComImports.JavaScriptEngines", "ComImports.JavaScriptEngines\ComImports.JavaScriptEngines.csproj", "{E90AAA57-604C-4468-9EA0-FFCE1B486CD5}"
EndProject
Global
	GlobalSection(SolutionConfigurationPlatforms) = preSolution
		Debug|Any CPU = Debug|Any CPU
		Debug|x64 = Debug|x64
		Release|Any CPU = Release|Any CPU
		Release|x64 = Release|x64
	EndGlobalSection
	GlobalSection(ProjectConfigurationPlatforms) = postSolution
		{C919A173-DD9B-46C4-88A2-4B31A63C501C}.Debug|Any CPU.ActiveCfg = Debug|Any CPU
		{C919A173-DD9B-46C4-88A2-4B31A63C501C}.Debug|Any CPU.Build.0 = Debug|Any CPU
		{C919A173-DD9B-46C4-88A2-4B31A63C501C}.Debug|x64.ActiveCfg = Debug|x64
		{C919A173-DD9B-46C4-88A2-4B31A63C501C}.Debug|x64.Build.0 = Debug|x64
		{C919A173-DD9B-46C4-88A2-4B31A63C501C}.Release|Any CPU.ActiveCfg = Release|Any CPU
		{C919A173-DD9B-46C4-88A2-4B31A63C501C}.Release|Any CPU.Build.0 = Release|Any CPU
		{C919A173-DD9B-46C4-88A2-4B31A63C501C}.Release|x64.ActiveCfg = Release|x64
		{C919A173-DD9B-46C4-88A2-4B31A63C501C}.Release|x64.Build.0 = Release|x64
		{1CA44023-95FB-471E-ACD8-3ECAFAF37211}.Debug|Any CPU.ActiveCfg = Debug|Any CPU
		{1CA44023-95FB-471E-ACD8-3ECAFAF37211}.Debug|Any CPU.Build.0 = Debug|Any CPU
		{1CA44023-95FB-471E-ACD8-3ECAFAF37211}.Debug|x64.ActiveCfg = Debug|x64
		{1CA44023-95FB-471E-ACD8-3ECAFAF37211}.Debug|x64.Build.0 = Debug|x64
		{1CA44023-95FB-471E-ACD8-3ECAFAF37211}.Release|Any CPU.ActiveCfg = Release|Any CPU
		{1CA44023-95FB-471E-ACD8-3ECAFAF37211}.Release|Any CPU.Build.0 = Release|Any CPU
		{1CA44023-95FB-471E-ACD8-3ECAFAF37211}.Release|x64.ActiveCfg = Release|x64
		{1CA44023-95FB-471E-ACD8-3ECAFAF37211}.Release|x64.Build.0 = Release|x64
		{833D9511-EA87-481A-B5E0-73EBC10F7AFB}.Debug|Any CPU.ActiveCfg = Debug|Any CPU
		{833D9511-EA87-481A-B5E0-73EBC10F7AFB}.Debug|Any CPU.Build.0 = Debug|Any CPU
		{833D9511-EA87-481A-B5E0-73EBC10F7AFB}.Debug|x64.ActiveCfg = Debug|x64
		{833D9511-EA87-481A-B5E0-73EBC10F7AFB}.Debug|x64.Build.0 = Debug|x64
		{833D9511-EA87-481A-B5E0-73EBC10F7AFB}.Release|Any CPU.ActiveCfg = Release|Any CPU
		{833D9511-EA87-481A-B5E0-73EBC10F7AFB}.Release|Any CPU.Build.0 = Release|Any CPU
		{833D9511-EA87-481A-B5E0-73EBC10F7AFB}.Release|x64.ActiveCfg = Release|x64
		{833D9511-EA87-481A-B5E0-73EBC10F7AFB}.Release|x64.Build.0 = Release|x64
		{00756046-CCFE-4265-BBDF-7F5FD22E1504}.Debug|Any CPU.ActiveCfg = Debug|Any CPU
		{00756046-CCFE-4265-BBDF-7F5FD22E1504}.Debug|Any CPU.Build.0 = Debug|Any CPU
		{00756046-CCFE-4265-BBDF-7F5FD22E1504}.Debug|x64.ActiveCfg = Debug|Any CPU
		{00756046-CCFE-4265-BBDF-7F5FD22E1504}.Debug|x64.Build.0 = Debug|Any CPU
		{00756046-CCFE-4265-BBDF-7F5FD22E1504}.Release|Any CPU.ActiveCfg = Release|Any CPU
		{00756046-CCFE-4265-BBDF-7F5FD22E1504}.Release|Any CPU.Build.0 = Release|Any CPU
		{00756046-CCFE-4265-BBDF-7F5FD22E1504}.Release|x64.ActiveCfg = Release|Any CPU
		{00756046-CCFE-4265-BBDF-7F5FD22E1504}.Release|x64.Build.0 = Release|Any CPU
		{4E302512-FB48-42A4-B91A-9F35786406E7}.Debug|Any CPU.ActiveCfg = Debug|Any CPU
		{4E302512-FB48-42A4-B91A-9F35786406E7}.Debug|Any CPU.Build.0 = Debug|Any CPU
		{4E302512-FB48-42A4-B91A-9F35786406E7}.Debug|x64.ActiveCfg = Debug|Any CPU
		{4E302512-FB48-42A4-B91A-9F35786406E7}.Debug|x64.Build.0 = Debug|Any CPU
		{4E302512-FB48-42A4-B91A-9F35786406E7}.Release|Any CPU.ActiveCfg = Release|Any CPU
		{4E302512-FB48-42A4-B91A-9F35786406E7}.Release|Any CPU.Build.0 = Release|Any CPU
		{4E302512-FB48-42A4-B91A-9F35786406E7}.Release|x64.ActiveCfg = Release|Any CPU
		{4E302512-FB48-42A4-B91A-9F35786406E7}.Release|x64.Build.0 = Release|Any CPU
		{E90AAA57-604C-4468-9EA0-FFCE1B486CD5}.Debug|Any CPU.ActiveCfg = Debug|Any CPU
		{E90AAA57-604C-4468-9EA0-FFCE1B486CD5}.Debug|Any CPU.Build.0 = Debug|Any CPU
		{E90AAA57-604C-4468-9EA0-FFCE1B486CD5}.Debug|x64.ActiveCfg = Debug|Any CPU
		{E90AAA57-604C-4468-9EA0-FFCE1B486CD5}.Debug|x64.Build.0 = Debug|Any CPU
		{E90AAA57-604C-4468-9EA0-FFCE1B486CD5}.Release|Any CPU.ActiveCfg = Release|Any CPU
		{E90AAA57-604C-4468-9EA0-FFCE1B486CD5}.Release|Any CPU.Build.0 = Release|Any CPU
		{E90AAA57-604C-4468-9EA0-FFCE1B486CD5}.Release|x64.ActiveCfg = Release|Any CPU
		{E90AAA57-604C-4468-9EA0-FFCE1B486CD5}.Release|x64.Build.0 = Release|Any CPU
	EndGlobalSection
	GlobalSection(SolutionProperties) = preSolution
		HideSolutionNode = FALSE
	EndGlobalSection
EndGlobal
